# This file was autogenerated by Stack.
# You should not edit this file by hand.
# For more information, please see the documentation at:
#   https://docs.haskellstack.org/en/stable/lock_files

packages:
- completed:
    hackage: uu-parsinglib-2.9.1.1@sha256:08e3d148cf6b2a6d8e99193f15367a76beacda4e5d8d7829727caaa30adf72ea,3149
    pantry-tree:
      size: 974
      sha256: ccf341334b763e390b0471dda9e0dfad70975dba994b30c7b6d41a3d7e5fa0a2
  original:
    hackage: uu-parsinglib-2.9.1.1
- completed:
    hackage: uu-interleaved-0.2.0.2@sha256:cbaa7ae178e615b36e683cff0e582bfeae984099211c1a87d052d8d4e7e9e186,1704
    pantry-tree:
      size: 237
      sha256: faa0c285a3e600fb63e680251b487c56eb373191e12899ca810335ecac979d30
  original:
    hackage: uu-interleaved-0.2.0.2
snapshots:
- completed:
    size: 565715
    url: https://raw.githubusercontent.com/commercialhaskell/stackage-snapshots/master/lts/17/7.yaml
    sha256: 1b5e4124989399e60e7a7901f0cefd910beea546131fb07a13a7208c4cc8b7ee
  original: lts-17.7
